# THIS IS AN AUTOGENERATED FILE. DO NOT EDIT THIS FILE DIRECTLY.
# yarn lockfile v1


eslint-plugin-react-hooks@^4.2.1-alpha-9b76d2d7b-20210719:
  version "4.2.1-alpha-9b76d2d7b-20210719"
  resolved "https://registry.yarnpkg.com/eslint-plugin-react-hooks/-/eslint-plugin-react-hooks-4.2.1-alpha-9b76d2d7b-20210719.tgz#0db2fa56450098cfc09bb5588b69ea58e6ce9f5a"
  integrity sha512-iiosw3HO0Vvd+th/NOUTuZt42igUlrDeqPKKywZ43eHonLlGqrRehWaJje0/ezHZ5N+pGKWS9wn/UC8TGrB2tQ==
